// !$*UTF8*$!
{
	archiveVersion = 1;
	classes = {
	};
	objectVersion = 56;
	objects = {

/* Begin PBXBuildFile section */
		21FA0A342A58D28B003B7DB5 /* ExploringTipKitApp.swift in Sources */ = {isa = PBXBuildFile; fileRef = 21FA0A332A58D28B003B7DB5 /* ExploringTipKitApp.swift */; };
		21FA0A362A58D28B003B7DB5 /* ContentView.swift in Sources */ = {isa = PBXBuildFile; fileRef = 21FA0A352A58D28B003B7DB5 /* ContentView.swift */; };
		21FA0A382A58D28D003B7DB5 /* Assets.xcassets in Resources */ = {isa = PBXBuildFile; fileRef = 21FA0A372A58D28D003B7DB5 /* Assets.xcassets */; };
		21FA0A3B2A58D28D003B7DB5 /* Preview Assets.xcassets in Resources */ = {isa = PBXBuildFile; fileRef = 21FA0A3A2A58D28D003B7DB5 /* Preview Assets.xcassets */; };
		21FA0A452A58D28E003B7DB5 /* ExploringTipKitTests.swift in Sources */ = {isa = PBXBuildFile; fileRef = 21FA0A442A58D28E003B7DB5 /* ExploringTipKitTests.swift */; };
		21FA0A4F2A58D28E003B7DB5 /* ExploringTipKitUITests.swift in Sources */ = {isa = PBXBuildFile; fileRef = 21FA0A4E2A58D28E003B7DB5 /* ExploringTipKitUITests.swift */; };
		21FA0A512A58D28E003B7DB5 /* ExploringTipKitUITestsLaunchTests.swift in Sources */ = {isa = PBXBuildFile; fileRef = 21FA0A502A58D28E003B7DB5 /* ExploringTipKitUITestsLaunchTests.swift */; };
/* End PBXBuildFile section */

/* Begin PBXContainerItemProxy section */
		21FA0A412A58D28E003B7DB5 /* PBXContainerItemProxy */ = {
			isa = PBXContainerItemProxy;
			containerPortal = 21FA0A282A58D28B003B7DB5 /* Project object */;
			proxyType = 1;
			remoteGlobalIDString = 21FA0A2F2A58D28B003B7DB5;
			remoteInfo = ExploringTipKit;
		};
		21FA0A4B2A58D28E003B7DB5 /* PBXContainerItemProxy */ = {
			isa = PBXContainerItemProxy;
			containerPortal = 21FA0A282A58D28B003B7DB5 /* Project object */;
			proxyType = 1;
			remoteGlobalIDString = 21FA0A2F2A58D28B003B7DB5;
			remoteInfo = ExploringTipKit;
		};
/* End PBXContainerItemProxy section */

/* Begin PBXFileReference section */
		21FA0A302A58D28B003B7DB5 /* ExploringTipKit.app */ = {isa = PBXFileReference; explicitFileType = wrapper.application; includeInIndex = 0; path = ExploringTipKit.app; sourceTree = BUILT_PRODUCTS_DIR; };
		21FA0A332A58D28B003B7DB5 /* ExploringTipKitApp.swift */ = {isa = PBXFileReference; lastKnownFileType = sourcecode.swift; path = ExploringTipKitApp.swift; sourceTree = "<group>"; };
		21FA0A352A58D28B003B7DB5 /* ContentView.swift */ = {isa = PBXFileReference; lastKnownFileType = sourcecode.swift; path = ContentView.swift; sourceTree = "<group>"; };
		21FA0A372A58D28D003B7DB5 /* Assets.xcassets */ = {isa = PBXFileReference; lastKnownFileType = folder.assetcatalog; path = Assets.xcassets; sourceTree = "<group>"; };
		21FA0A3A2A58D28D003B7DB5 /* Preview Assets.xcassets */ = {isa = PBXFileReference; lastKnownFileType = folder.assetcatalog; path = "Preview Assets.xcassets"; sourceTree = "<group>"; };
		21FA0A402A58D28E003B7DB5 /* ExploringTipKitTests.xctest */ = {isa = PBXFileReference; explicitFileType = wrapper.cfbundle; includeInIndex = 0; path = ExploringTipKitTests.xctest; sourceTree = BUILT_PRODUCTS_DIR; };
		21FA0A442A58D28E003B7DB5 /* ExploringTipKitTests.swift */ = {isa = PBXFileReference; lastKnownFileType = sourcecode.swift; path = ExploringTipKitTests.swift; sourceTree = "<group>"; };
		21FA0A4A2A58D28E003B7DB5 /* ExploringTipKitUITests.xctest */ = {isa = PBXFileReference; explicitFileType = wrapper.cfbundle; includeInIndex = 0; path = ExploringTipKitUITests.xctest; sourceTree = BUILT_PRODUCTS_DIR; };
		21FA0A4E2A58D28E003B7DB5 /* ExploringTipKitUITests.swift */ = {isa = PBXFileReference; lastKnownFileType = sourcecode.swift; path = ExploringTipKitUITests.swift; sourceTree = "<group>"; };
		21FA0A502A58D28E003B7DB5 /* ExploringTipKitUITestsLaunchTests.swift */ = {isa = PBXFileReference; lastKnownFileType = sourcecode.swift; path = ExploringTipKitUITestsLaunchTests.swift; sourceTree = "<group>"; };
/* End PBXFileReference section */

/* Begin PBXFrameworksBuildPhase section */
		21FA0A2D2A58D28B003B7DB5 /* Frameworks */ = {
			isa = PBXFrameworksBuildPhase;
			buildActionMask = 2147483647;
			files = (
			);
			runOnlyForDeploymentPostprocessing = 0;
		};
		21FA0A3D2A58D28E003B7DB5 /* Frameworks */ = {
			isa = PBXFrameworksBuildPhase;
			buildActionMask = 2147483647;
			files = (
			);
			runOnlyForDeploymentPostprocessing = 0;
		};
		21FA0A472A58D28E003B7DB5 /* Frameworks */ = {
			isa = PBXFrameworksBuildPhase;
			buildActionMask = 2147483647;
			files = (
			);
			runOnlyForDeploymentPostprocessing = 0;
		};
/* End PBXFrameworksBuildPhase section */

/* Begin PBXGroup section */
		21FA0A272A58D28B003B7DB5 = {
			isa = PBXGroup;
			children = (
				21FA0A322A58D28B003B7DB5 /* ExploringTipKit */,
				21FA0A432A58D28E003B7DB5 /* ExploringTipKitTests */,
				21FA0A4D2A58D28E003B7DB5 /* ExploringTipKitUITests */,
				21FA0A312A58D28B003B7DB5 /* Products */,
			);
			sourceTree = "<group>";
		};
		21FA0A312A58D28B003B7DB5 /* Products */ = {
			isa = PBXGroup;
			children = (
				21FA0A302A58D28B003B7DB5 /* ExploringTipKit.app */,
				21FA0A402A58D28E003B7DB5 /* ExploringTipKitTests.xctest */,
				21FA0A4A2A58D28E003B7DB5 /* ExploringTipKitUITests.xctest */,
			);
			name = Products;
			sourceTree = "<group>";
		};
		21FA0A322A58D28B003B7DB5 /* ExploringTipKit */ = {
			isa = PBXGroup;
			children = (
				21FA0A332A58D28B003B7DB5 /* ExploringTipKitApp.swift */,
				21FA0A352A58D28B003B7DB5 /* ContentView.swift */,
				21FA0A372A58D28D003B7DB5 /* Assets.xcassets */,
				21FA0A392A58D28D003B7DB5 /* Preview Content */,
			);
			path = ExploringTipKit;
			sourceTree = "<group>";
		};
		21FA0A392A58D28D003B7DB5 /* Preview Content */ = {
			isa = PBXGroup;
			children = (
				21FA0A3A2A58D28D003B7DB5 /* Preview Assets.xcassets */,
			);
			path = "Preview Content";
			sourceTree = "<group>";
		};
		21FA0A432A58D28E003B7DB5 /* ExploringTipKitTests */ = {
			isa = PBXGroup;
			children = (
				21FA0A442A58D28E003B7DB5 /* ExploringTipKitTests.swift */,
			);
			path = ExploringTipKitTests;
			sourceTree = "<group>";
		};
		21FA0A4D2A58D28E003B7DB5 /* ExploringTipKitUITests */ = {
			isa = PBXGroup;
			children = (
				21FA0A4E2A58D28E003B7DB5 /* ExploringTipKitUITests.swift */,
				21FA0A502A58D28E003B7DB5 /* ExploringTipKitUITestsLaunchTests.swift */,
			);
			path = ExploringTipKitUITests;
			sourceTree = "<group>";
		};
/* End PBXGroup section */

/* Begin PBXNativeTarget section */
		21FA0A2F2A58D28B003B7DB5 /* ExploringTipKit */ = {
			isa = PBXNativeTarget;
			buildConfigurationList = 21FA0A542A58D28E003B7DB5 /* Build configuration list for PBXNativeTarget "ExploringTipKit" */;
			buildPhases = (
				21FA0A2C2A58D28B003B7DB5 /* Sources */,
				21FA0A2D2A58D28B003B7DB5 /* Frameworks */,
				21FA0A2E2A58D28B003B7DB5 /* Resources */,
			);
			buildRules = (
			);
			dependencies = (
			);
			name = ExploringTipKit;
			productName = ExploringTipKit;
			productReference = 21FA0A302A58D28B003B7DB5 /* ExploringTipKit.app */;
			productType = "com.apple.product-type.application";
		};
		21FA0A3F2A58D28E003B7DB5 /* ExploringTipKitTests */ = {
			isa = PBXNativeTarget;
			buildConfigurationList = 21FA0A572A58D28E003B7DB5 /* Build configuration list for PBXNativeTarget "ExploringTipKitTests" */;
			buildPhases = (
				21FA0A3C2A58D28E003B7DB5 /* Sources */,
				21FA0A3D2A58D28E003B7DB5 /* Frameworks */,
				21FA0A3E2A58D28E003B7DB5 /* Resources */,
			);
			buildRules = (
			);
			dependencies = (
				21FA0A422A58D28E003B7DB5 /* PBXTargetDependency */,
			);
			name = ExploringTipKitTests;
			productName = ExploringTipKitTests;
			productReference = 21FA0A402A58D28E003B7DB5 /* ExploringTipKitTests.xctest */;
			productType = "com.apple.product-type.bundle.unit-test";
		};
		21FA0A492A58D28E003B7DB5 /* ExploringTipKitUITests */ = {
			isa = PBXNativeTarget;
			buildConfigurationList = 21FA0A5A2A58D28E003B7DB5 /* Build configuration list for PBXNativeTarget "ExploringTipKitUITests" */;
			buildPhases = (
				21FA0A462A58D28E003B7DB5 /* Sources */,
				21FA0A472A58D28E003B7DB5 /* Frameworks */,
				21FA0A482A58D28E003B7DB5 /* Resources */,
			);
			buildRules = (
			);
			dependencies = (
				21FA0A4C2A58D28E003B7DB5 /* PBXTargetDependency */,
			);
			name = ExploringTipKitUITests;
			productName = ExploringTipKitUITests;
			productReference = 21FA0A4A2A58D28E003B7DB5 /* ExploringTipKitUITests.xctest */;
			productType = "com.apple.product-type.bundle.ui-testing";
		};
/* End PBXNativeTarget section */

/* Begin PBXProject section */
		21FA0A282A58D28B003B7DB5 /* Project object */ = {
			isa = PBXProject;
			attributes = {
				BuildIndependentTargetsInParallel = 1;
				LastSwiftUpdateCheck = 1500;
				LastUpgradeCheck = 1500;
				TargetAttributes = {
					21FA0A2F2A58D28B003B7DB5 = {
						CreatedOnToolsVersion = 15.0;
					};
					21FA0A3F2A58D28E003B7DB5 = {
						CreatedOnToolsVersion = 15.0;
						TestTargetID = 21FA0A2F2A58D28B003B7DB5;
					};
					21FA0A492A58D28E003B7DB5 = {
						CreatedOnToolsVersion = 15.0;
						TestTargetID = 21FA0A2F2A58D28B003B7DB5;
					};
				};
			};
			buildConfigurationList = 21FA0A2B2A58D28B003B7DB5 /* Build configuration list for PBXProject "ExploringTipKit" */;
			compatibilityVersion = "Xcode 14.0";
			developmentRegion = en;
			hasScannedForEncodings = 0;
			knownRegions = (
				en,
				Base,
			);
			mainGroup = 21FA0A272A58D28B003B7DB5;
			productRefGroup = 21FA0A312A58D28B003B7DB5 /* Products */;
			projectDirPath = "";
			projectRoot = "";
			targets = (
				21FA0A2F2A58D28B003B7DB5 /* ExploringTipKit */,
				21FA0A3F2A58D28E003B7DB5 /* ExploringTipKitTests */,
				21FA0A492A58D28E003B7DB5 /* ExploringTipKitUITests */,
			);
		};
/* End PBXProject section */

/* Begin PBXResourcesBuildPhase section */
		21FA0A2E2A58D28B003B7DB5 /* Resources */ = {
			isa = PBXResourcesBuildPhase;
			buildActionMask = 2147483647;
			files = (
				21FA0A3B2A58D28D003B7DB5 /* Preview Assets.xcassets in Resources */,
				21FA0A382A58D28D003B7DB5 /* Assets.xcassets in Resources */,
			);
			runOnlyForDeploymentPostprocessing = 0;
		};
		21FA0A3E2A58D28E003B7DB5 /* Resources */ = {
			isa = PBXResourcesBuildPhase;
			buildActionMask = 2147483647;
			files = (
			);
			runOnlyForDeploymentPostprocessing = 0;
		};
		21FA0A482A58D28E003B7DB5 /* Resources */ = {
			isa = PBXResourcesBuildPhase;
			buildActionMask = 2147483647;
			files = (
			);
			runOnlyForDeploymentPostprocessing = 0;
		};
/* End PBXResourcesBuildPhase section */

/* Begin PBXSourcesBuildPhase section */
		21FA0A2C2A58D28B003B7DB5 /* Sources */ = {
			isa = PBXSourcesBuildPhase;
			buildActionMask = 2147483647;
			files = (
				21FA0A362A58D28B003B7DB5 /* ContentView.swift in Sources */,
				21FA0A342A58D28B003B7DB5 /* ExploringTipKitApp.swift in Sources */,
			);
			runOnlyForDeploymentPostprocessing = 0;
		};
		21FA0A3C2A58D28E003B7DB5 /* Sources */ = {
			isa = PBXSourcesBuildPhase;
			buildActionMask = 2147483647;
			files = (
				21FA0A452A58D28E003B7DB5 /* ExploringTipKitTests.swift in Sources */,
			);
			runOnlyForDeploymentPostprocessing = 0;
		};
		21FA0A462A58D28E003B7DB5 /* Sources */ = {
			isa = PBXSourcesBuildPhase;
			buildActionMask = 2147483647;
			files = (
				21FA0A512A58D28E003B7DB5 /* ExploringTipKitUITestsLaunchTests.swift in Sources */,
				21FA0A4F2A58D28E003B7DB5 /* ExploringTipKitUITests.swift in Sources */,
			);
			runOnlyForDeploymentPostprocessing = 0;
		};
/* End PBXSourcesBuildPhase section */

/* Begin PBXTargetDependency section */
		21FA0A422A58D28E003B7DB5 /* PBXTargetDependency */ = {
			isa = PBXTargetDependency;
			target = 21FA0A2F2A58D28B003B7DB5 /* ExploringTipKit */;
			targetProxy = 21FA0A412A58D28E003B7DB5 /* PBXContainerItemProxy */;
		};
		21FA0A4C2A58D28E003B7DB5 /* PBXTargetDependency */ = {
			isa = PBXTargetDependency;
			target = 21FA0A2F2A58D28B003B7DB5 /* ExploringTipKit */;
			targetProxy = 21FA0A4B2A58D28E003B7DB5 /* PBXContainerItemProxy */;
		};
/* End PBXTargetDependency section */

/* Begin XCBuildConfiguration section */
		21FA0A522A58D28E003B7DB5 /* Debug */ = {
			isa = XCBuildConfiguration;
			buildSettings = {
				ALWAYS_SEARCH_USER_PATHS = NO;
				ASSETCATALOG_COMPILER_GENERATE_SWIFT_ASSET_SYMBOL_EXTENSIONS = YES;
				CLANG_ANALYZER_NONNULL = YES;
				CLANG_ANALYZER_NUMBER_OBJECT_CONVERSION = YES_AGGRESSIVE;
				CLANG_CXX_LANGUAGE_STANDARD = "gnu++20";
				CLANG_ENABLE_MODULES = YES;
				CLANG_ENABLE_OBJC_ARC = YES;
				CLANG_ENABLE_OBJC_WEAK = YES;
				CLANG_WARN_BLOCK_CAPTURE_AUTORELEASING = YES;
				CLANG_WARN_BOOL_CONVERSION = YES;
				CLANG_WARN_COMMA = YES;
				CLANG_WARN_CONSTANT_CONVERSION = YES;
				CLANG_WARN_DEPRECATED_OBJC_IMPLEMENTATIONS = YES;
				CLANG_WARN_DIRECT_OBJC_ISA_USAGE = YES_ERROR;
				CLANG_WARN_DOCUMENTATION_COMMENTS = YES;
				CLANG_WARN_EMPTY_BODY = YES;
				CLANG_WARN_ENUM_CONVERSION = YES;
				CLANG_WARN_INFINITE_RECURSION = YES;
				CLANG_WARN_INT_CONVERSION = YES;
				CLANG_WARN_NON_LITERAL_NULL_CONVERSION = YES;
				CLANG_WARN_OBJC_IMPLICIT_RETAIN_SELF = YES;
				CLANG_WARN_OBJC_LITERAL_CONVERSION = YES;
				CLANG_WARN_OBJC_ROOT_CLASS = YES_ERROR;
				CLANG_WARN_QUOTED_INCLUDE_IN_FRAMEWORK_HEADER = YES;
				CLANG_WARN_RANGE_LOOP_ANALYSIS = YES;
				CLANG_WARN_STRICT_PROTOTYPES = YES;
				CLANG_WARN_SUSPICIOUS_MOVE = YES;
				CLANG_WARN_UNGUARDED_AVAILABILITY = YES_AGGRESSIVE;
				CLANG_WARN_UNREACHABLE_CODE = YES;
				CLANG_WARN__DUPLICATE_METHOD_MATCH = YES;
				COPY_PHASE_STRIP = NO;
				DEBUG_INFORMATION_FORMAT = dwarf;
				ENABLE_STRICT_OBJC_MSGSEND = YES;
				ENABLE_TESTABILITY = YES;
				ENABLE_USER_SCRIPT_SANDBOXING = YES;
				GCC_C_LANGUAGE_STANDARD = gnu17;
				GCC_DYNAMIC_NO_PIC = NO;
				GCC_NO_COMMON_BLOCKS = YES;
				GCC_OPTIMIZATION_LEVEL = 0;
				GCC_PREPROCESSOR_DEFINITIONS = (
					"DEBUG=1",
					"$(inherited)",
				);
				GCC_WARN_64_TO_32_BIT_CONVERSION = YES;
				GCC_WARN_ABOUT_RETURN_TYPE = YES_ERROR;
				GCC_WARN_UNDECLARED_SELECTOR = YES;
				GCC_WARN_UNINITIALIZED_AUTOS = YES_AGGRESSIVE;
				GCC_WARN_UNUSED_FUNCTION = YES;
				GCC_WARN_UNUSED_VARIABLE = YES;
				IPHONEOS_DEPLOYMENT_TARGET = 17.0;
				LOCALIZATION_PREFERS_STRING_CATALOGS = YES;
				MTL_ENABLE_DEBUG_INFO = INCLUDE_SOURCE;
				MTL_FAST_MATH = YES;
				ONLY_ACTIVE_ARCH = YES;
				SDKROOT = iphoneos;
				SWIFT_ACTIVE_COMPILATION_CONDITIONS = "DEBUG $(inherited)";
				SWIFT_OPTIMIZATION_LEVEL = "-Onone";
			};
			name = Debug;
		};
		21FA0A532A58D28E003B7DB5 /* Release */ = {
			isa = XCBuildConfiguration;
			buildSettings = {
				ALWAYS_SEARCH_USER_PATHS = NO;
				ASSETCATALOG_COMPILER_GENERATE_SWIFT_ASSET_SYMBOL_EXTENSIONS = YES;
				CLANG_ANALYZER_NONNULL = YES;
				CLANG_ANALYZER_NUMBER_OBJECT_CONVERSION = YES_AGGRESSIVE;
				CLANG_CXX_LANGUAGE_STANDARD = "gnu++20";
				CLANG_ENABLE_MODULES = YES;
				CLANG_ENABLE_OBJC_ARC = YES;
				CLANG_ENABLE_OBJC_WEAK = YES;
				CLANG_WARN_BLOCK_CAPTURE_AUTORELEASING = YES;
				CLANG_WARN_BOOL_CONVERSION = YES;
				CLANG_WARN_COMMA = YES;
				CLANG_WARN_CONSTANT_CONVERSION = YES;
				CLANG_WARN_DEPRECATED_OBJC_IMPLEMENTATIONS = YES;
				CLANG_WARN_DIRECT_OBJC_ISA_USAGE = YES_ERROR;
				CLANG_WARN_DOCUMENTATION_COMMENTS = YES;
				CLANG_WARN_EMPTY_BODY = YES;
				CLANG_WARN_ENUM_CONVERSION = YES;
				CLANG_WARN_INFINITE_RECURSION = YES;
				CLANG_WARN_INT_CONVERSION = YES;
				CLANG_WARN_NON_LITERAL_NULL_CONVERSION = YES;
				CLANG_WARN_OBJC_IMPLICIT_RETAIN_SELF = YES;
				CLANG_WARN_OBJC_LITERAL_CONVERSION = YES;
				CLANG_WARN_OBJC_ROOT_CLASS = YES_ERROR;
				CLANG_WARN_QUOTED_INCLUDE_IN_FRAMEWORK_HEADER = YES;
				CLANG_WARN_RANGE_LOOP_ANALYSIS = YES;
				CLANG_WARN_STRICT_PROTOTYPES = YES;
				CLANG_WARN_SUSPICIOUS_MOVE = YES;
				CLANG_WARN_UNGUARDED_AVAILABILITY = YES_AGGRESSIVE;
				CLANG_WARN_UNREACHABLE_CODE = YES;
				CLANG_WARN__DUPLICATE_METHOD_MATCH = YES;
				COPY_PHASE_STRIP = NO;
				DEBUG_INFORMATION_FORMAT = "dwarf-with-dsym";
				ENABLE_NS_ASSERTIONS = NO;
				ENABLE_STRICT_OBJC_MSGSEND = YES;
				ENABLE_USER_SCRIPT_SANDBOXING = YES;
				GCC_C_LANGUAGE_STANDARD = gnu17;
				GCC_NO_COMMON_BLOCKS = YES;
				GCC_WARN_64_TO_32_BIT_CONVERSION = YES;
				GCC_WARN_ABOUT_RETURN_TYPE = YES_ERROR;
				GCC_WARN_UNDECLARED_SELECTOR = YES;
				GCC_WARN_UNINITIALIZED_AUTOS = YES_AGGRESSIVE;
				GCC_WARN_UNUSED_FUNCTION = YES;
				GCC_WARN_UNUSED_VARIABLE = YES;
				IPHONEOS_DEPLOYMENT_TARGET = 17.0;
				LOCALIZATION_PREFERS_STRING_CATALOGS = YES;
				MTL_ENABLE_DEBUG_INFO = NO;
				MTL_FAST_MATH = YES;
				SDKROOT = iphoneos;
				SWIFT_COMPILATION_MODE = wholemodule;
				VALIDATE_PRODUCT = YES;
			};
			name = Release;
		};
		21FA0A552A58D28E003B7DB5 /* Debug */ = {
			isa = XCBuildConfiguration;
			buildSettings = {
				ASSETCATALOG_COMPILER_APPICON_NAME = AppIcon;
				ASSETCATALOG_COMPILER_GLOBAL_ACCENT_COLOR_NAME = AccentColor;
				CODE_SIGN_STYLE = Automatic;
				CURRENT_PROJECT_VERSION = 1;
				DEVELOPMENT_ASSET_PATHS = "\"ExploringTipKit/Preview Content\"";
				ENABLE_PREVIEWS = YES;
				GENERATE_INFOPLIST_FILE = YES;
				INFOPLIST_KEY_UIApplicationSceneManifest_Generation = YES;
				INFOPLIST_KEY_UIApplicationSupportsIndirectInputEvents = YES;
				INFOPLIST_KEY_UILaunchScreen_Generation = YES;
				INFOPLIST_KEY_UISupportedInterfaceOrientations_iPad = "UIInterfaceOrientationPortrait UIInterfaceOrientationPortraitUpsideDown UIInterfaceOrientationLandscapeLeft UIInterfaceOrientationLandscapeRight";
				INFOPLIST_KEY_UISupportedInterfaceOrientations_iPhone = "UIInterfaceOrientationPortrait UIInterfaceOrientationLandscapeLeft UIInterfaceOrientationLandscapeRight";
				LD_RUNPATH_SEARCH_PATHS = (
					"$(inherited)",
					"@executable_path/Frameworks",
				);
				MARKETING_VERSION = 1.0;
				PRODUCT_BUNDLE_IDENTIFIER = wwdc.explore.sample.ExploringTipKit;
				PRODUCT_NAME = "$(TARGET_NAME)";
				SWIFT_EMIT_LOC_STRINGS = YES;
				SWIFT_VERSION = 5.0;
				TARGETED_DEVICE_FAMILY = "1,2";
			};
			name = Debug;
		};
		21FA0A562A58D28E003B7DB5 /* Release */ = {
			isa = XCBuildConfiguration;
			buildSettings = {
				ASSETCATALOG_COMPILER_APPICON_NAME = AppIcon;
				ASSETCATALOG_COMPILER_GLOBAL_ACCENT_COLOR_NAME = AccentColor;
				CODE_SIGN_STYLE = Automatic;
				CURRENT_PROJECT_VERSION = 1;
				DEVELOPMENT_ASSET_PATHS = "\"ExploringTipKit/Preview Content\"";
				ENABLE_PREVIEWS = YES;
				GENERATE_INFOPLIST_FILE = YES;
				INFOPLIST_KEY_UIApplicationSceneManifest_Generation = YES;
				INFOPLIST_KEY_UIApplicationSupportsIndirectInputEvents = YES;
				INFOPLIST_KEY_UILaunchScreen_Generation = YES;
				INFOPLIST_KEY_UISupportedInterfaceOrientations_iPad = "UIInterfaceOrientationPortrait UIInterfaceOrientationPortraitUpsideDown UIInterfaceOrientationLandscapeLeft UIInterfaceOrientationLandscapeRight";
				INFOPLIST_KEY_UISupportedInterfaceOrientations_iPhone = "UIInterfaceOrientationPortrait UIInterfaceOrientationLandscapeLeft UIInterfaceOrientationLandscapeRight";
				LD_RUNPATH_SEARCH_PATHS = (
					"$(inherited)",
					"@executable_path/Frameworks",
				);
				MARKETING_VERSION = 1.0;
				PRODUCT_BUNDLE_IDENTIFIER = wwdc.explore.sample.ExploringTipKit;
				PRODUCT_NAME = "$(TARGET_NAME)";
				SWIFT_EMIT_LOC_STRINGS = YES;
				SWIFT_VERSION = 5.0;
				TARGETED_DEVICE_FAMILY = "1,2";
			};
			name = Release;
		};
		21FA0A582A58D28E003B7DB5 /* Debug */ = {
			isa = XCBuildConfiguration;
			buildSettings = {
				ALWAYS_EMBED_SWIFT_STANDARD_LIBRARIES = YES;
				BUNDLE_LOADER = "$(TEST_HOST)";
				CODE_SIGN_STYLE = Automatic;
				CURRENT_PROJECT_VERSION = 1;
				GENERATE_INFOPLIST_FILE = YES;
				IPHONEOS_DEPLOYMENT_TARGET = 17.0;
				MARKETING_VERSION = 1.0;
				PRODUCT_BUNDLE_IDENTIFIER = wwdc.explore.sample.ExploringTipKitTests;
				PRODUCT_NAME = "$(TARGET_NAME)";
				SWIFT_EMIT_LOC_STRINGS = NO;
				SWIFT_VERSION = 5.0;
				TARGETED_DEVICE_FAMILY = "1,2";
				TEST_HOST = "$(BUILT_PRODUCTS_DIR)/ExploringTipKit.app/$(BUNDLE_EXECUTABLE_FOLDER_PATH)/ExploringTipKit";
			};
			name = Debug;
		};
		21FA0A592A58D28E003B7DB5 /* Release */ = {
			isa = XCBuildConfiguration;
			buildSettings = {
				ALWAYS_EMBED_SWIFT_STANDARD_LIBRARIES = YES;
				BUNDLE_LOADER = "$(TEST_HOST)";
				CODE_SIGN_STYLE = Automatic;
				CURRENT_PROJECT_VERSION = 1;
				GENERATE_INFOPLIST_FILE = YES;
				IPHONEOS_DEPLOYMENT_TARGET = 17.0;
				MARKETING_VERSION = 1.0;
				PRODUCT_BUNDLE_IDENTIFIER = wwdc.explore.sample.ExploringTipKitTests;
				PRODUCT_NAME = "$(TARGET_NAME)";
				SWIFT_EMIT_LOC_STRINGS = NO;
				SWIFT_VERSION = 5.0;
				TARGETED_DEVICE_FAMILY = "1,2";
				TEST_HOST = "$(BUILT_PRODUCTS_DIR)/ExploringTipKit.app/$(BUNDLE_EXECUTABLE_FOLDER_PATH)/ExploringTipKit";
			};
			name = Release;
		};
		21FA0A5B2A58D28E003B7DB5 /* Debug */ = {
			isa = XCBuildConfiguration;
			buildSettings = {
				ALWAYS_EMBED_SWIFT_STANDARD_LIBRARIES = YES;
				CODE_SIGN_STYLE = Automatic;
				CURRENT_PROJECT_VERSION = 1;
				GENERATE_INFOPLIST_FILE = YES;
				MARKETING_VERSION = 1.0;
				PRODUCT_BUNDLE_IDENTIFIER = wwdc.explore.sample.ExploringTipKitUITests;
				PRODUCT_NAME = "$(TARGET_NAME)";
				SWIFT_EMIT_LOC_STRINGS = NO;
				SWIFT_VERSION = 5.0;
				TARGETED_DEVICE_FAMILY = "1,2";
				TEST_TARGET_NAME = ExploringTipKit;
			};
			name = Debug;
		};
		21FA0A5C2A58D28E003B7DB5 /* Release */ = {
			isa = XCBuildConfiguration;
			buildSettings = {
				ALWAYS_EMBED_SWIFT_STANDARD_LIBRARIES = YES;
				CODE_SIGN_STYLE = Automatic;
				CURRENT_PROJECT_VERSION = 1;
				GENERATE_INFOPLIST_FILE = YES;
				MARKETING_VERSION = 1.0;
				PRODUCT_BUNDLE_IDENTIFIER = wwdc.explore.sample.ExploringTipKitUITests;
				PRODUCT_NAME = "$(TARGET_NAME)";
				SWIFT_EMIT_LOC_STRINGS = NO;
				SWIFT_VERSION = 5.0;
				TARGETED_DEVICE_FAMILY = "1,2";
				TEST_TARGET_NAME = ExploringTipKit;
			};
			name = Release;
		};
/* End XCBuildConfiguration section */

/* Begin XCConfigurationList section */
		21FA0A2B2A58D28B003B7DB5 /* Build configuration list for PBXProject "ExploringTipKit" */ = {
			isa = XCConfigurationList;
			buildConfigurations = (
				21FA0A522A58D28E003B7DB5 /* Debug */,
				21FA0A532A58D28E003B7DB5 /* Release */,
			);
			defaultConfigurationIsVisible = 0;
			defaultConfigurationName = Release;
		};
		21FA0A542A58D28E003B7DB5 /* Build configuration list for PBXNativeTarget "ExploringTipKit" */ = {
			isa = XCConfigurationList;
			buildConfigurations = (
				21FA0A552A58D28E003B7DB5 /* Debug */,
				21FA0A562A58D28E003B7DB5 /* Release */,
			);
			defaultConfigurationIsVisible = 0;
			defaultConfigurationName = Release;
		};
		21FA0A572A58D28E003B7DB5 /* Build configuration list for PBXNativeTarget "ExploringTipKitTests" */ = {
			isa = XCConfigurationList;
			buildConfigurations = (
				21FA0A582A58D28E003B7DB5 /* Debug */,
				21FA0A592A58D28E003B7DB5 /* Release */,
			);
			defaultConfigurationIsVisible = 0;
			defaultConfigurationName = Release;
		};
		21FA0A5A2A58D28E003B7DB5 /* Build configuration list for PBXNativeTarget "ExploringTipKitUITests" */ = {
			isa = XCConfigurationList;
			buildConfigurations = (
				21FA0A5B2A58D28E003B7DB5 /* Debug */,
				21FA0A5C2A58D28E003B7DB5 /* Release */,
			);
			defaultConfigurationIsVisible = 0;
			defaultConfigurationName = Release;
		};
/* End XCConfigurationList section */
	};
	rootObject = 21FA0A282A58D28B003B7DB5 /* Project object */;
}
